
Microsoft Visual Studio Solution File, Format Version 12.00
# Visual Studio Version 17
VisualStudioVersion = 17.8.34330.188
MinimumVisualStudioVersion = 10.0.40219.1
Project("{FAE04EC0-301F-11D3-BF4B-00C04F79EFBC}") = "MagicKeys", "MagicKeys\MagicKeys.csproj", "{C8868C3F-8E41-4F21-BF69-03D607FEA6F3}"
EndProject
Global
	GlobalSection(SolutionConfigurationPlatforms) = preSolution
		Debug|Any CPU = Debug|Any CPU
		Release|Any CPU = Release|Any CPU
	EndGlobalSection
	GlobalSection(ProjectConfigurationPlatforms) = postSolution
		{C8868C3F-8E41-4F21-BF69-03D607FEA6F3}.Debug|Any CPU.ActiveCfg = Debug|Any CPU
		{C8868C3F-8E41-4F21-BF69-03D607FEA6F3}.Debug|Any CPU.Build.0 = Debug|Any CPU
		{C8868C3F-8E41-4F21-BF69-03D607FEA6F3}.Release|Any CPU.ActiveCfg = Release|Any CPU
		{C8868C3F-8E41-4F21-BF69-03D607FEA6F3}.Release|Any CPU.Build.0 = Release|Any CPU
	EndGlobalSection
	GlobalSection(SolutionProperties) = preSolution
		HideSolutionNode = FALSE
	EndGlobalSection
	GlobalSection(ExtensibilityGlobals) = postSolution
		SolutionGuid = {BA7159BD-6F26-4A74-A0F1-5320B1DCC4EA}
	EndGlobalSection
EndGlobal
